
Microsoft Visual Studio Solution File, Format Version 12.00
# Visual Studio Version 17
VisualStudioVersion = 17.4.33110.190
MinimumVisualStudioVersion = 10.0.40219.1
Project("{9A19103F-16F7-4668-BE54-9A1E7A4F7556}") = "App", "src\App\App.csproj", "{CCE34B4C-EF27-4B53-9E4F-5B941C819725}"
EndProject
Project("{9A19103F-16F7-4668-BE54-9A1E7A4F7556}") = "Lib", "src\Lib\Lib.csproj", "{814C6ABD-17A7-461E-B9C8-1AF0607439BF}"
EndProject
Project("{9A19103F-16F7-4668-BE54-9A1E7A4F7556}") = "Tests", "test\Tests\Tests.csproj", "{9A7542D6-98D9-4F96-9E99-D944730F719C}"
EndProject
Project("{2150E333-8FDC-42A3-9474-1A3956D46DE8}") = "Solution Items", "Solution Items", "{328D90F8-B157-47D1-9367-ED51A6F92D5A}"
	ProjectSection(SolutionItems) = preProject
		.github\workflows\ci.yml = .github\workflows\ci.yml
		README.md = README.md
	EndProjectSection
EndProject
Global
	GlobalSection(SolutionConfigurationPlatforms) = preSolution
		Debug|Any CPU = Debug|Any CPU
		Release|Any CPU = Release|Any CPU
	EndGlobalSection
	GlobalSection(ProjectConfigurationPlatforms) = postSolution
		{CCE34B4C-EF27-4B53-9E4F-5B941C819725}.Debug|Any CPU.ActiveCfg = Debug|Any CPU
		{CCE34B4C-EF27-4B53-9E4F-5B941C819725}.Debug|Any CPU.Build.0 = Debug|Any CPU
		{CCE34B4C-EF27-4B53-9E4F-5B941C819725}.Release|Any CPU.ActiveCfg = Release|Any CPU
		{CCE34B4C-EF27-4B53-9E4F-5B941C819725}.Release|Any CPU.Build.0 = Release|Any CPU
		{814C6ABD-17A7-461E-B9C8-1AF0607439BF}.Debug|Any CPU.ActiveCfg = Debug|Any CPU
		{814C6ABD-17A7-461E-B9C8-1AF0607439BF}.Debug|Any CPU.Build.0 = Debug|Any CPU
		{814C6ABD-17A7-461E-B9C8-1AF0607439BF}.Release|Any CPU.ActiveCfg = Release|Any CPU
		{814C6ABD-17A7-461E-B9C8-1AF0607439BF}.Release|Any CPU.Build.0 = Release|Any CPU
		{9A7542D6-98D9-4F96-9E99-D944730F719C}.Debug|Any CPU.ActiveCfg = Debug|Any CPU
		{9A7542D6-98D9-4F96-9E99-D944730F719C}.Debug|Any CPU.Build.0 = Debug|Any CPU
		{9A7542D6-98D9-4F96-9E99-D944730F719C}.Release|Any CPU.ActiveCfg = Release|Any CPU
		{9A7542D6-98D9-4F96-9E99-D944730F719C}.Release|Any CPU.Build.0 = Release|Any CPU
	EndGlobalSection
	GlobalSection(SolutionProperties) = preSolution
		HideSolutionNode = FALSE
	EndGlobalSection
	GlobalSection(ExtensibilityGlobals) = postSolution
		SolutionGuid = {99704866-809E-4F22-9807-A15BB0C0329D}
	EndGlobalSection
EndGlobal
